github.com/awnumar/memcall v0.2.0 h1:sRaogqExTOOkkNwO9pzJsL8jrOV29UuUW7teRMfbqtI=
github.com/awnumar/memcall v0.2.0/go.mod h1:S911igBPR9CThzd/hYQQmTc9SWNu3ZHIlCGaWsWsoJo=
github.com/awnumar/memguard v0.22.4 h1:1PLgKcgGPeExPHL8dCOWGVjIbQUBgJv9OL0F/yE1PqQ=
github.com/awnumar/memguard v0.22.4/go.mod h1:+APmZGThMBWjnMlKiSM1X7MVpbIVewen2MTkqWkA/zE=
github.com/garrettladley/mattress v0.3.2 h1:JsWsEwjXzlJXX7F/Zzmq7Xby1VAwzTJGGvf7DXPj4Jk=
github.com/garrettladley/mattress v0.3.2/go.mod h1:OWKIRc9wC3gtD3Ng/nUuNEiR1TJvRYLmn/KZYw9nl5Q=
github.com/golang-jwt/jwt v3.2.2+incompatible h1:IfV12K8xAKAnZqdXVzCZ+TOjboZ2keLg81eXfW3O+oY=
github.com/golang-jwt/jwt v3.2.2+incompatible/go.mod h1:8pz2t5EyA70fFQQSrl6XZXzqecmYZeUEB8OUGHkxJ+I=
golang.org/x/crypto v0.19.0 h1:ENy+Az/9Y1vSrlrvBSyna3PITt4tiZLf7sgCjZBX7Wo=
golang.org/x/crypto v0.19.0/go.mod h1:Iy9bg/ha4yyC70EfRS8jz+B6ybOBKMaSxLj6P6oBDfU=
golang.org/x/sys v0.0.0-20191001151750-bb3f8db39f24/go.mod h1:h1NjWce9XRLGQEsW7wpKNCjG9DtNlClVuFLEZdDNbEs=
golang.org/x/sys v0.17.0 h1:25cE3gD+tdBA7lp7QfhuV+rJiE9YXTcS3VG1SqssI/Y=
golang.org/x/sys v0.17.0/go.mod h1:/VUhepiaJMQUp4+oa/7Zr1D23ma6VTLIYjOOTFZPUcA=
